
Microsoft Visual Studio Solution File, Format Version 12.00
# Visual Studio Version 16
VisualStudioVersion = 16.0.30517.126
MinimumVisualStudioVersion = 10.0.40219.1
Project("{FAE04EC0-301F-11D3-BF4B-00C04F79EFBC}") = "FunctionsWithReturns", "FunctionsWithReturns.csproj", "{6F6EE3BB-0993-4AC4-8D2C-A47F9B3544C9}"
EndProject
Project("{FAE04EC0-301F-11D3-BF4B-00C04F79EFBC}") = "EpicFight", "EpicFight\EpicFight.csproj", "{7A8F6A99-2E55-473D-A2B8-EBDCF982F161}"
EndProject
Global
	GlobalSection(SolutionConfigurationPlatforms) = preSolution
		Debug|Any CPU = Debug|Any CPU
		Release|Any CPU = Release|Any CPU
	EndGlobalSection
	GlobalSection(ProjectConfigurationPlatforms) = postSolution
		{6F6EE3BB-0993-4AC4-8D2C-A47F9B3544C9}.Debug|Any CPU.ActiveCfg = Debug|Any CPU
		{6F6EE3BB-0993-4AC4-8D2C-A47F9B3544C9}.Debug|Any CPU.Build.0 = Debug|Any CPU
		{6F6EE3BB-0993-4AC4-8D2C-A47F9B3544C9}.Release|Any CPU.ActiveCfg = Release|Any CPU
		{6F6EE3BB-0993-4AC4-8D2C-A47F9B3544C9}.Release|Any CPU.Build.0 = Release|Any CPU
		{7A8F6A99-2E55-473D-A2B8-EBDCF982F161}.Debug|Any CPU.ActiveCfg = Debug|Any CPU
		{7A8F6A99-2E55-473D-A2B8-EBDCF982F161}.Debug|Any CPU.Build.0 = Debug|Any CPU
		{7A8F6A99-2E55-473D-A2B8-EBDCF982F161}.Release|Any CPU.ActiveCfg = Release|Any CPU
		{7A8F6A99-2E55-473D-A2B8-EBDCF982F161}.Release|Any CPU.Build.0 = Release|Any CPU
	EndGlobalSection
	GlobalSection(SolutionProperties) = preSolution
		HideSolutionNode = FALSE
	EndGlobalSection
	GlobalSection(ExtensibilityGlobals) = postSolution
		SolutionGuid = {902C7544-2D3F-4251-8D02-867E1EC55733}
	EndGlobalSection
EndGlobal
